
Microsoft Visual Studio Solution File, Format Version 12.00
# Visual Studio Version 17
VisualStudioVersion = 17.5.33414.496
MinimumVisualStudioVersion = 10.0.40219.1
Project("{FAE04EC0-301F-11D3-BF4B-00C04F79EFBC}") = "Personal", "Personal\Personal.csproj", "{E37C67F4-787B-4CEF-9231-603B26A433DB}"
	ProjectSection(ProjectDependencies) = postProject
		{462C2A59-5F02-48D2-AE00-C26A752F8E71} = {462C2A59-5F02-48D2-AE00-C26A752F8E71}
	EndProjectSection
EndProject
Project("{FAE04EC0-301F-11D3-BF4B-00C04F79EFBC}") = "BusinessWCF", "BusinessWCF\BusinessWCF.csproj", "{462C2A59-5F02-48D2-AE00-C26A752F8E71}"
EndProject
Project("{FAE04EC0-301F-11D3-BF4B-00C04F79EFBC}") = "Data", "Data\Data.csproj", "{8BCA4DA5-D549-4F29-A22B-8CC328D0DFC1}"
EndProject
Global
	GlobalSection(SolutionConfigurationPlatforms) = preSolution
		Debug|Any CPU = Debug|Any CPU
		Release|Any CPU = Release|Any CPU
	EndGlobalSection
	GlobalSection(ProjectConfigurationPlatforms) = postSolution
		{E37C67F4-787B-4CEF-9231-603B26A433DB}.Debug|Any CPU.ActiveCfg = Debug|Any CPU
		{E37C67F4-787B-4CEF-9231-603B26A433DB}.Debug|Any CPU.Build.0 = Debug|Any CPU
		{E37C67F4-787B-4CEF-9231-603B26A433DB}.Release|Any CPU.ActiveCfg = Release|Any CPU
		{E37C67F4-787B-4CEF-9231-603B26A433DB}.Release|Any CPU.Build.0 = Release|Any CPU
		{462C2A59-5F02-48D2-AE00-C26A752F8E71}.Debug|Any CPU.ActiveCfg = Debug|Any CPU
		{462C2A59-5F02-48D2-AE00-C26A752F8E71}.Debug|Any CPU.Build.0 = Debug|Any CPU
		{462C2A59-5F02-48D2-AE00-C26A752F8E71}.Release|Any CPU.ActiveCfg = Release|Any CPU
		{462C2A59-5F02-48D2-AE00-C26A752F8E71}.Release|Any CPU.Build.0 = Release|Any CPU
		{8BCA4DA5-D549-4F29-A22B-8CC328D0DFC1}.Debug|Any CPU.ActiveCfg = Debug|Any CPU
		{8BCA4DA5-D549-4F29-A22B-8CC328D0DFC1}.Debug|Any CPU.Build.0 = Debug|Any CPU
		{8BCA4DA5-D549-4F29-A22B-8CC328D0DFC1}.Release|Any CPU.ActiveCfg = Release|Any CPU
		{8BCA4DA5-D549-4F29-A22B-8CC328D0DFC1}.Release|Any CPU.Build.0 = Release|Any CPU
	EndGlobalSection
	GlobalSection(SolutionProperties) = preSolution
		HideSolutionNode = FALSE
	EndGlobalSection
	GlobalSection(ExtensibilityGlobals) = postSolution
		SolutionGuid = {8B93AEBA-C885-4A47-AB24-ABEAB90F9054}
	EndGlobalSection
EndGlobal
